github.com/aws/aws-lambda-go v1.46.0 h1:UWVnvh2h2gecOlFhHQfIPQcD8pL/f7pVCutmFl+oXU8=
github.com/aws/aws-lambda-go v1.46.0/go.mod h1:dpMpZgvWx5vuQJfBt0zqBha60q7Dd7RfgJv23DymV8A=
github.com/beeblogit/lib_go_domain v0.0.0-20240305222022-90fb656fa5af h1:MUOqyQZOnCLnuOAafsLK0O3c2DEBI1KcOqCFFcIPA9c=
github.com/beeblogit/lib_go_domain v0.0.0-20240305222022-90fb656fa5af/go.mod h1:7AGOZZ0JUwxyrO8sfJxYvBxDKCDNhkMy1iLUSNw2I7Q=
github.com/davecgh/go-spew v1.1.1 h1:vj9j/u1bqnvCEfJOwUhtlOARqs3+rkHYY13jYWTU97c=
github.com/davecgh/go-spew v1.1.1/go.mod h1:J7Y8YcW2NihsgmVo/mv3lAwl/skON4iLHjSsI+c5H38=
github.com/ncostamagna/go_lib_response v0.0.1 h1:NM713Yn2BEqA7wKynDP8/P1hoxwq/pJS4h3IzUJr1OQ=
github.com/ncostamagna/go_lib_response v0.0.1/go.mod h1:fUNUzPjBCJAe1SBEf16fL4/WwDhpGCK1gFSyXixrAlk=
github.com/ncostamagna/gocourse_meta v0.0.1 h1:WRaltzbZmH4eIzaJt1e+ugx2+iqx8lG0eXYFAR7Q7rU=
github.com/ncostamagna/gocourse_meta v0.0.1/go.mod h1:WtcSYl2yH5us0ROQUzhZY4XtNogU8i7vofW2y61kD7k=
github.com/pmezard/go-difflib v1.0.0 h1:4DBwDE0NGyQoBHbLQYPwSUPoCMWR5BEzIk/f1lZbAQM=
github.com/pmezard/go-difflib v1.0.0/go.mod h1:iKH77koFhYxTK1pcRnkKkqfTogsbg7gZNVY4sRDYZ/4=
github.com/stretchr/testify v1.7.2 h1:4jaiDzPyXQvSd7D0EjG45355tLlV3VOECpq10pLC+8s=
github.com/stretchr/testify v1.7.2/go.mod h1:R6va5+xMeoiuVRoj+gSkQ7d3FALtqAAGI1FQKckRals=
gopkg.in/yaml.v3 v3.0.1 h1:fxVm/GzAzEWqLHuvctI91KS9hhNmmWOoWu0XTYJS7CA=
gopkg.in/yaml.v3 v3.0.1/go.mod h1:K4uyk7z7BCEPqu6E+C64Yfv1cQ7kz7rIZviUmN+EgEM=
